// !$*UTF8*$!
{
	archiveVersion = 1;
	classes = {
	};
	objectVersion = 46;
	objects = {

/* Begin PBXBuildFile section */
		5445F25D1587E20B0004CC78 /* HypnosisView.m in Sources */ = {isa = PBXBuildFile; fileRef = 5445F25C1587E20B0004CC78 /* HypnosisView.m */; };
		544DFA6E1587DDDE00DF31CC /* UIKit.framework in Frameworks */ = {isa = PBXBuildFile; fileRef = 544DFA6D1587DDDE00DF31CC /* UIKit.framework */; };
		544DFA701587DDDE00DF31CC /* Foundation.framework in Frameworks */ = {isa = PBXBuildFile; fileRef = 544DFA6F1587DDDE00DF31CC /* Foundation.framework */; };
		544DFA721587DDDE00DF31CC /* CoreGraphics.framework in Frameworks */ = {isa = PBXBuildFile; fileRef = 544DFA711587DDDE00DF31CC /* CoreGraphics.framework */; };
		544DFA781587DDDE00DF31CC /* InfoPlist.strings in Resources */ = {isa = PBXBuildFile; fileRef = 544DFA761587DDDE00DF31CC /* InfoPlist.strings */; };
		544DFA7A1587DDDE00DF31CC /* main.m in Sources */ = {isa = PBXBuildFile; fileRef = 544DFA791587DDDE00DF31CC /* main.m */; };
		544DFA7E1587DDDE00DF31CC /* HypnosisterAppDelegate.m in Sources */ = {isa = PBXBuildFile; fileRef = 544DFA7D1587DDDE00DF31CC /* HypnosisterAppDelegate.m */; };
/* End PBXBuildFile section */

/* Begin PBXFileReference section */
		5445F25B1587E20B0004CC78 /* HypnosisView.h */ = {isa = PBXFileReference; fileEncoding = 4; lastKnownFileType = sourcecode.c.h; path = HypnosisView.h; sourceTree = "<group>"; };
		5445F25C1587E20B0004CC78 /* HypnosisView.m */ = {isa = PBXFileReference; fileEncoding = 4; lastKnownFileType = sourcecode.c.objc; path = HypnosisView.m; sourceTree = "<group>"; };
		544DFA691587DDDE00DF31CC /* Hypnosister.app */ = {isa = PBXFileReference; explicitFileType = wrapper.application; includeInIndex = 0; path = Hypnosister.app; sourceTree = BUILT_PRODUCTS_DIR; };
		544DFA6D1587DDDE00DF31CC /* UIKit.framework */ = {isa = PBXFileReference; lastKnownFileType = wrapper.framework; name = UIKit.framework; path = System/Library/Frameworks/UIKit.framework; sourceTree = SDKROOT; };
		544DFA6F1587DDDE00DF31CC /* Foundation.framework */ = {isa = PBXFileReference; lastKnownFileType = wrapper.framework; name = Foundation.framework; path = System/Library/Frameworks/Foundation.framework; sourceTree = SDKROOT; };
		544DFA711587DDDE00DF31CC /* CoreGraphics.framework */ = {isa = PBXFileReference; lastKnownFileType = wrapper.framework; name = CoreGraphics.framework; path = System/Library/Frameworks/CoreGraphics.framework; sourceTree = SDKROOT; };
		544DFA751587DDDE00DF31CC /* Hypnosister-Info.plist */ = {isa = PBXFileReference; lastKnownFileType = text.plist.xml; path = "Hypnosister-Info.plist"; sourceTree = "<group>"; };
		544DFA771587DDDE00DF31CC /* en */ = {isa = PBXFileReference; lastKnownFileType = text.plist.strings; name = en; path = en.lproj/InfoPlist.strings; sourceTree = "<group>"; };
		544DFA791587DDDE00DF31CC /* main.m */ = {isa = PBXFileReference; lastKnownFileType = sourcecode.c.objc; path = main.m; sourceTree = "<group>"; };
		544DFA7B1587DDDE00DF31CC /* Hypnosister-Prefix.pch */ = {isa = PBXFileReference; lastKnownFileType = sourcecode.c.h; path = "Hypnosister-Prefix.pch"; sourceTree = "<group>"; };
		544DFA7C1587DDDE00DF31CC /* HypnosisterAppDelegate.h */ = {isa = PBXFileReference; lastKnownFileType = sourcecode.c.h; path = HypnosisterAppDelegate.h; sourceTree = "<group>"; };
		544DFA7D1587DDDE00DF31CC /* HypnosisterAppDelegate.m */ = {isa = PBXFileReference; lastKnownFileType = sourcecode.c.objc; path = HypnosisterAppDelegate.m; sourceTree = "<group>"; };
/* End PBXFileReference section */

/* Begin PBXFrameworksBuildPhase section */
		544DFA661587DDDE00DF31CC /* Frameworks */ = {
			isa = PBXFrameworksBuildPhase;
			buildActionMask = 2147483647;
			files = (
				544DFA6E1587DDDE00DF31CC /* UIKit.framework in Frameworks */,
				544DFA701587DDDE00DF31CC /* Foundation.framework in Frameworks */,
				544DFA721587DDDE00DF31CC /* CoreGraphics.framework in Frameworks */,
			);
			runOnlyForDeploymentPostprocessing = 0;
		};
/* End PBXFrameworksBuildPhase section */

/* Begin PBXGroup section */
		544DFA5E1587DDDD00DF31CC = {
			isa = PBXGroup;
			children = (
				544DFA731587DDDE00DF31CC /* Hypnosister */,
				544DFA6C1587DDDE00DF31CC /* Frameworks */,
				544DFA6A1587DDDE00DF31CC /* Products */,
			);
			sourceTree = "<group>";
		};
		544DFA6A1587DDDE00DF31CC /* Products */ = {
			isa = PBXGroup;
			children = (
				544DFA691587DDDE00DF31CC /* Hypnosister.app */,
			);
			name = Products;
			sourceTree = "<group>";
		};
		544DFA6C1587DDDE00DF31CC /* Frameworks */ = {
			isa = PBXGroup;
			children = (
				544DFA6D1587DDDE00DF31CC /* UIKit.framework */,
				544DFA6F1587DDDE00DF31CC /* Foundation.framework */,
				544DFA711587DDDE00DF31CC /* CoreGraphics.framework */,
			);
			name = Frameworks;
			sourceTree = "<group>";
		};
		544DFA731587DDDE00DF31CC /* Hypnosister */ = {
			isa = PBXGroup;
			children = (
				544DFA7C1587DDDE00DF31CC /* HypnosisterAppDelegate.h */,
				544DFA7D1587DDDE00DF31CC /* HypnosisterAppDelegate.m */,
				5445F25B1587E20B0004CC78 /* HypnosisView.h */,
				5445F25C1587E20B0004CC78 /* HypnosisView.m */,
				544DFA741587DDDE00DF31CC /* Supporting Files */,
			);
			path = Hypnosister;
			sourceTree = "<group>";
		};
		544DFA741587DDDE00DF31CC /* Supporting Files */ = {
			isa = PBXGroup;
			children = (
				544DFA751587DDDE00DF31CC /* Hypnosister-Info.plist */,
				544DFA761587DDDE00DF31CC /* InfoPlist.strings */,
				544DFA791587DDDE00DF31CC /* main.m */,
				544DFA7B1587DDDE00DF31CC /* Hypnosister-Prefix.pch */,
			);
			name = "Supporting Files";
			sourceTree = "<group>";
		};
/* End PBXGroup section */

/* Begin PBXNativeTarget section */
		544DFA681587DDDE00DF31CC /* Hypnosister */ = {
			isa = PBXNativeTarget;
			buildConfigurationList = 544DFA811587DDDE00DF31CC /* Build configuration list for PBXNativeTarget "Hypnosister" */;
			buildPhases = (
				544DFA651587DDDE00DF31CC /* Sources */,
				544DFA661587DDDE00DF31CC /* Frameworks */,
				544DFA671587DDDE00DF31CC /* Resources */,
			);
			buildRules = (
			);
			dependencies = (
			);
			name = Hypnosister;
			productName = Hypnosister;
			productReference = 544DFA691587DDDE00DF31CC /* Hypnosister.app */;
			productType = "com.apple.product-type.application";
		};
/* End PBXNativeTarget section */

/* Begin PBXProject section */
		544DFA601587DDDD00DF31CC /* Project object */ = {
			isa = PBXProject;
			attributes = {
				CLASSPREFIX = Hypnosister;
				LastUpgradeCheck = 0430;
			};
			buildConfigurationList = 544DFA631587DDDD00DF31CC /* Build configuration list for PBXProject "Hypnosister" */;
			compatibilityVersion = "Xcode 3.2";
			developmentRegion = English;
			hasScannedForEncodings = 0;
			knownRegions = (
				en,
			);
			mainGroup = 544DFA5E1587DDDD00DF31CC;
			productRefGroup = 544DFA6A1587DDDE00DF31CC /* Products */;
			projectDirPath = "";
			projectRoot = "";
			targets = (
				544DFA681587DDDE00DF31CC /* Hypnosister */,
			);
		};
/* End PBXProject section */

/* Begin PBXResourcesBuildPhase section */
		544DFA671587DDDE00DF31CC /* Resources */ = {
			isa = PBXResourcesBuildPhase;
			buildActionMask = 2147483647;
			files = (
				544DFA781587DDDE00DF31CC /* InfoPlist.strings in Resources */,
			);
			runOnlyForDeploymentPostprocessing = 0;
		};
/* End PBXResourcesBuildPhase section */

/* Begin PBXSourcesBuildPhase section */
		544DFA651587DDDE00DF31CC /* Sources */ = {
			isa = PBXSourcesBuildPhase;
			buildActionMask = 2147483647;
			files = (
				544DFA7A1587DDDE00DF31CC /* main.m in Sources */,
				544DFA7E1587DDDE00DF31CC /* HypnosisterAppDelegate.m in Sources */,
				5445F25D1587E20B0004CC78 /* HypnosisView.m in Sources */,
			);
			runOnlyForDeploymentPostprocessing = 0;
		};
/* End PBXSourcesBuildPhase section */

/* Begin PBXVariantGroup section */
		544DFA761587DDDE00DF31CC /* InfoPlist.strings */ = {
			isa = PBXVariantGroup;
			children = (
				544DFA771587DDDE00DF31CC /* en */,
			);
			name = InfoPlist.strings;
			sourceTree = "<group>";
		};
/* End PBXVariantGroup section */

/* Begin XCBuildConfiguration section */
		544DFA7F1587DDDE00DF31CC /* Debug */ = {
			isa = XCBuildConfiguration;
			buildSettings = {
				ALWAYS_SEARCH_USER_PATHS = NO;
				ARCHS = "$(ARCHS_STANDARD_32_BIT)";
				CLANG_ENABLE_OBJC_ARC = YES;
				"CODE_SIGN_IDENTITY[sdk=iphoneos*]" = "iPhone Developer";
				COPY_PHASE_STRIP = NO;
				GCC_C_LANGUAGE_STANDARD = gnu99;
				GCC_DYNAMIC_NO_PIC = NO;
				GCC_OPTIMIZATION_LEVEL = 0;
				GCC_PREPROCESSOR_DEFINITIONS = (
					"DEBUG=1",
					"$(inherited)",
				);
				GCC_SYMBOLS_PRIVATE_EXTERN = NO;
				GCC_VERSION = com.apple.compilers.llvm.clang.1_0;
				GCC_WARN_ABOUT_RETURN_TYPE = YES;
				GCC_WARN_UNINITIALIZED_AUTOS = YES;
				GCC_WARN_UNUSED_VARIABLE = YES;
				IPHONEOS_DEPLOYMENT_TARGET = 5.1;
				SDKROOT = iphoneos;
			};
			name = Debug;
		};
		544DFA801587DDDE00DF31CC /* Release */ = {
			isa = XCBuildConfiguration;
			buildSettings = {
				ALWAYS_SEARCH_USER_PATHS = NO;
				ARCHS = "$(ARCHS_STANDARD_32_BIT)";
				CLANG_ENABLE_OBJC_ARC = YES;
				"CODE_SIGN_IDENTITY[sdk=iphoneos*]" = "iPhone Developer";
				COPY_PHASE_STRIP = YES;
				GCC_C_LANGUAGE_STANDARD = gnu99;
				GCC_VERSION = com.apple.compilers.llvm.clang.1_0;
				GCC_WARN_ABOUT_RETURN_TYPE = YES;
				GCC_WARN_UNINITIALIZED_AUTOS = YES;
				GCC_WARN_UNUSED_VARIABLE = YES;
				IPHONEOS_DEPLOYMENT_TARGET = 5.1;
				OTHER_CFLAGS = "-DNS_BLOCK_ASSERTIONS=1";
				SDKROOT = iphoneos;
				VALIDATE_PRODUCT = YES;
			};
			name = Release;
		};
		544DFA821587DDDE00DF31CC /* Debug */ = {
			isa = XCBuildConfiguration;
			buildSettings = {
				GCC_PRECOMPILE_PREFIX_HEADER = YES;
				GCC_PREFIX_HEADER = "Hypnosister/Hypnosister-Prefix.pch";
				INFOPLIST_FILE = "Hypnosister/Hypnosister-Info.plist";
				PRODUCT_NAME = "$(TARGET_NAME)";
				WRAPPER_EXTENSION = app;
			};
			name = Debug;
		};
		544DFA831587DDDE00DF31CC /* Release */ = {
			isa = XCBuildConfiguration;
			buildSettings = {
				GCC_PRECOMPILE_PREFIX_HEADER = YES;
				GCC_PREFIX_HEADER = "Hypnosister/Hypnosister-Prefix.pch";
				INFOPLIST_FILE = "Hypnosister/Hypnosister-Info.plist";
				PRODUCT_NAME = "$(TARGET_NAME)";
				WRAPPER_EXTENSION = app;
			};
			name = Release;
		};
/* End XCBuildConfiguration section */

/* Begin XCConfigurationList section */
		544DFA631587DDDD00DF31CC /* Build configuration list for PBXProject "Hypnosister" */ = {
			isa = XCConfigurationList;
			buildConfigurations = (
				544DFA7F1587DDDE00DF31CC /* Debug */,
				544DFA801587DDDE00DF31CC /* Release */,
			);
			defaultConfigurationIsVisible = 0;
			defaultConfigurationName = Release;
		};
		544DFA811587DDDE00DF31CC /* Build configuration list for PBXNativeTarget "Hypnosister" */ = {
			isa = XCConfigurationList;
			buildConfigurations = (
				544DFA821587DDDE00DF31CC /* Debug */,
				544DFA831587DDDE00DF31CC /* Release */,
			);
			defaultConfigurationIsVisible = 0;
			defaultConfigurationName = Release;
		};
/* End XCConfigurationList section */
	};
	rootObject = 544DFA601587DDDD00DF31CC /* Project object */;
}
